
Microsoft Visual Studio Solution File, Format Version 12.00
# Visual Studio Version 17
VisualStudioVersion = 17.13.35828.75
MinimumVisualStudioVersion = 10.0.40219.1
Project("{FAE04EC0-301F-11D3-BF4B-00C04F79EFBC}") = "XafAspireDemo.Module", "XafAspireDemo.Module\XafAspireDemo.Module.csproj", "{2FE82D8C-186D-A18B-592C-25E92A7729C6}"
EndProject
Project("{FAE04EC0-301F-11D3-BF4B-00C04F79EFBC}") = "XafAspireDemo.Blazor.Server", "XafAspireDemo.Blazor.Server\XafAspireDemo.Blazor.Server.csproj", "{F2F8C623-3A95-8084-3D93-FA5747BC29D5}"
EndProject
Project("{FAE04EC0-301F-11D3-BF4B-00C04F79EFBC}") = "XafAspireDemo.AppHost", "XafAspireDemo.AppHost\XafAspireDemo.AppHost.csproj", "{A0319D89-255D-4438-9ABE-D88A4AFDAB89}"
EndProject
Project("{FAE04EC0-301F-11D3-BF4B-00C04F79EFBC}") = "XafAspireDemo.ServiceDefaults", "XafAspireDemo.ServiceDefaults\XafAspireDemo.ServiceDefaults.csproj", "{45BFEC68-F2EE-B363-347F-47E3C5D5CF29}"
EndProject
Project("{FAE04EC0-301F-11D3-BF4B-00C04F79EFBC}") = "XAFAspireDemo.DemoService", "XAFAspireDemo.DemoService\XAFAspireDemo.DemoService.csproj", "{734681CE-E311-4E8F-AF4C-E4AA3881CA48}"
EndProject
Global
	GlobalSection(SolutionConfigurationPlatforms) = preSolution
		Debug|Any CPU = Debug|Any CPU
		EasyTest|Any CPU = EasyTest|Any CPU
		Release|Any CPU = Release|Any CPU
	EndGlobalSection
	GlobalSection(ProjectConfigurationPlatforms) = postSolution
		{2FE82D8C-186D-A18B-592C-25E92A7729C6}.Debug|Any CPU.ActiveCfg = Debug|Any CPU
		{2FE82D8C-186D-A18B-592C-25E92A7729C6}.Debug|Any CPU.Build.0 = Debug|Any CPU
		{2FE82D8C-186D-A18B-592C-25E92A7729C6}.EasyTest|Any CPU.ActiveCfg = EasyTest|Any CPU
		{2FE82D8C-186D-A18B-592C-25E92A7729C6}.EasyTest|Any CPU.Build.0 = EasyTest|Any CPU
		{2FE82D8C-186D-A18B-592C-25E92A7729C6}.Release|Any CPU.ActiveCfg = Release|Any CPU
		{2FE82D8C-186D-A18B-592C-25E92A7729C6}.Release|Any CPU.Build.0 = Release|Any CPU
		{F2F8C623-3A95-8084-3D93-FA5747BC29D5}.Debug|Any CPU.ActiveCfg = Debug|Any CPU
		{F2F8C623-3A95-8084-3D93-FA5747BC29D5}.Debug|Any CPU.Build.0 = Debug|Any CPU
		{F2F8C623-3A95-8084-3D93-FA5747BC29D5}.EasyTest|Any CPU.ActiveCfg = EasyTest|Any CPU
		{F2F8C623-3A95-8084-3D93-FA5747BC29D5}.EasyTest|Any CPU.Build.0 = EasyTest|Any CPU
		{F2F8C623-3A95-8084-3D93-FA5747BC29D5}.Release|Any CPU.ActiveCfg = Release|Any CPU
		{F2F8C623-3A95-8084-3D93-FA5747BC29D5}.Release|Any CPU.Build.0 = Release|Any CPU
		{A0319D89-255D-4438-9ABE-D88A4AFDAB89}.Debug|Any CPU.ActiveCfg = Debug|Any CPU
		{A0319D89-255D-4438-9ABE-D88A4AFDAB89}.Debug|Any CPU.Build.0 = Debug|Any CPU
		{A0319D89-255D-4438-9ABE-D88A4AFDAB89}.EasyTest|Any CPU.ActiveCfg = Release|Any CPU
		{A0319D89-255D-4438-9ABE-D88A4AFDAB89}.EasyTest|Any CPU.Build.0 = Release|Any CPU
		{A0319D89-255D-4438-9ABE-D88A4AFDAB89}.Release|Any CPU.ActiveCfg = Release|Any CPU
		{A0319D89-255D-4438-9ABE-D88A4AFDAB89}.Release|Any CPU.Build.0 = Release|Any CPU
		{45BFEC68-F2EE-B363-347F-47E3C5D5CF29}.Debug|Any CPU.ActiveCfg = Debug|Any CPU
		{45BFEC68-F2EE-B363-347F-47E3C5D5CF29}.Debug|Any CPU.Build.0 = Debug|Any CPU
		{45BFEC68-F2EE-B363-347F-47E3C5D5CF29}.EasyTest|Any CPU.ActiveCfg = Release|Any CPU
		{45BFEC68-F2EE-B363-347F-47E3C5D5CF29}.EasyTest|Any CPU.Build.0 = Release|Any CPU
		{45BFEC68-F2EE-B363-347F-47E3C5D5CF29}.Release|Any CPU.ActiveCfg = Release|Any CPU
		{45BFEC68-F2EE-B363-347F-47E3C5D5CF29}.Release|Any CPU.Build.0 = Release|Any CPU
		{734681CE-E311-4E8F-AF4C-E4AA3881CA48}.Debug|Any CPU.ActiveCfg = Debug|Any CPU
		{734681CE-E311-4E8F-AF4C-E4AA3881CA48}.Debug|Any CPU.Build.0 = Debug|Any CPU
		{734681CE-E311-4E8F-AF4C-E4AA3881CA48}.EasyTest|Any CPU.ActiveCfg = Debug|Any CPU
		{734681CE-E311-4E8F-AF4C-E4AA3881CA48}.EasyTest|Any CPU.Build.0 = Debug|Any CPU
		{734681CE-E311-4E8F-AF4C-E4AA3881CA48}.Release|Any CPU.ActiveCfg = Release|Any CPU
		{734681CE-E311-4E8F-AF4C-E4AA3881CA48}.Release|Any CPU.Build.0 = Release|Any CPU
	EndGlobalSection
	GlobalSection(SolutionProperties) = preSolution
		HideSolutionNode = FALSE
	EndGlobalSection
	GlobalSection(ExtensibilityGlobals) = postSolution
		SolutionGuid = {D8CEA3A6-53BF-4B92-93DE-715E75B25C4C}
	EndGlobalSection
EndGlobal
